
Microsoft Visual Studio Solution File, Format Version 12.00
# Visual Studio Version 17
VisualStudioVersion = 17.0.31903.59
MinimumVisualStudioVersion = 10.0.40219.1
Project("{FAE04EC0-301F-11D3-BF4B-00C04F79EFBC}") = "Tarefas.Api", "Tarefas.Api\Tarefas.Api.csproj", "{CA0065A4-3DDF-4FFE-A396-90672B4BE9AF}"
EndProject
Project("{FAE04EC0-301F-11D3-BF4B-00C04F79EFBC}") = "Tarefas.Dominio", "Tarefas.Dominio\Tarefas.Dominio.csproj", "{2FDA8D12-8EBC-4E58-BE0F-B802FC2AA5E1}"
EndProject
Project("{FAE04EC0-301F-11D3-BF4B-00C04F79EFBC}") = "Tarefas.Test", "Tarefas.Test\Tarefas.Test.csproj", "{779EF75B-372B-49C4-9E82-472B41605BAD}"
EndProject
Global
	GlobalSection(SolutionConfigurationPlatforms) = preSolution
		Debug|Any CPU = Debug|Any CPU
		Debug|x64 = Debug|x64
		Debug|x86 = Debug|x86
		Release|Any CPU = Release|Any CPU
		Release|x64 = Release|x64
		Release|x86 = Release|x86
	EndGlobalSection
	GlobalSection(ProjectConfigurationPlatforms) = postSolution
		{CA0065A4-3DDF-4FFE-A396-90672B4BE9AF}.Debug|Any CPU.ActiveCfg = Debug|Any CPU
		{CA0065A4-3DDF-4FFE-A396-90672B4BE9AF}.Debug|Any CPU.Build.0 = Debug|Any CPU
		{CA0065A4-3DDF-4FFE-A396-90672B4BE9AF}.Debug|x64.ActiveCfg = Debug|Any CPU
		{CA0065A4-3DDF-4FFE-A396-90672B4BE9AF}.Debug|x64.Build.0 = Debug|Any CPU
		{CA0065A4-3DDF-4FFE-A396-90672B4BE9AF}.Debug|x86.ActiveCfg = Debug|Any CPU
		{CA0065A4-3DDF-4FFE-A396-90672B4BE9AF}.Debug|x86.Build.0 = Debug|Any CPU
		{CA0065A4-3DDF-4FFE-A396-90672B4BE9AF}.Release|Any CPU.ActiveCfg = Release|Any CPU
		{CA0065A4-3DDF-4FFE-A396-90672B4BE9AF}.Release|Any CPU.Build.0 = Release|Any CPU
		{CA0065A4-3DDF-4FFE-A396-90672B4BE9AF}.Release|x64.ActiveCfg = Release|Any CPU
		{CA0065A4-3DDF-4FFE-A396-90672B4BE9AF}.Release|x64.Build.0 = Release|Any CPU
		{CA0065A4-3DDF-4FFE-A396-90672B4BE9AF}.Release|x86.ActiveCfg = Release|Any CPU
		{CA0065A4-3DDF-4FFE-A396-90672B4BE9AF}.Release|x86.Build.0 = Release|Any CPU
		{2FDA8D12-8EBC-4E58-BE0F-B802FC2AA5E1}.Debug|Any CPU.ActiveCfg = Debug|Any CPU
		{2FDA8D12-8EBC-4E58-BE0F-B802FC2AA5E1}.Debug|Any CPU.Build.0 = Debug|Any CPU
		{2FDA8D12-8EBC-4E58-BE0F-B802FC2AA5E1}.Debug|x64.ActiveCfg = Debug|Any CPU
		{2FDA8D12-8EBC-4E58-BE0F-B802FC2AA5E1}.Debug|x64.Build.0 = Debug|Any CPU
		{2FDA8D12-8EBC-4E58-BE0F-B802FC2AA5E1}.Debug|x86.ActiveCfg = Debug|Any CPU
		{2FDA8D12-8EBC-4E58-BE0F-B802FC2AA5E1}.Debug|x86.Build.0 = Debug|Any CPU
		{2FDA8D12-8EBC-4E58-BE0F-B802FC2AA5E1}.Release|Any CPU.ActiveCfg = Release|Any CPU
		{2FDA8D12-8EBC-4E58-BE0F-B802FC2AA5E1}.Release|Any CPU.Build.0 = Release|Any CPU
		{2FDA8D12-8EBC-4E58-BE0F-B802FC2AA5E1}.Release|x64.ActiveCfg = Release|Any CPU
		{2FDA8D12-8EBC-4E58-BE0F-B802FC2AA5E1}.Release|x64.Build.0 = Release|Any CPU
		{2FDA8D12-8EBC-4E58-BE0F-B802FC2AA5E1}.Release|x86.ActiveCfg = Release|Any CPU
		{2FDA8D12-8EBC-4E58-BE0F-B802FC2AA5E1}.Release|x86.Build.0 = Release|Any CPU
		{779EF75B-372B-49C4-9E82-472B41605BAD}.Debug|Any CPU.ActiveCfg = Debug|Any CPU
		{779EF75B-372B-49C4-9E82-472B41605BAD}.Debug|Any CPU.Build.0 = Debug|Any CPU
		{779EF75B-372B-49C4-9E82-472B41605BAD}.Debug|x64.ActiveCfg = Debug|Any CPU
		{779EF75B-372B-49C4-9E82-472B41605BAD}.Debug|x64.Build.0 = Debug|Any CPU
		{779EF75B-372B-49C4-9E82-472B41605BAD}.Debug|x86.ActiveCfg = Debug|Any CPU
		{779EF75B-372B-49C4-9E82-472B41605BAD}.Debug|x86.Build.0 = Debug|Any CPU
		{779EF75B-372B-49C4-9E82-472B41605BAD}.Release|Any CPU.ActiveCfg = Release|Any CPU
		{779EF75B-372B-49C4-9E82-472B41605BAD}.Release|Any CPU.Build.0 = Release|Any CPU
		{779EF75B-372B-49C4-9E82-472B41605BAD}.Release|x64.ActiveCfg = Release|Any CPU
		{779EF75B-372B-49C4-9E82-472B41605BAD}.Release|x64.Build.0 = Release|Any CPU
		{779EF75B-372B-49C4-9E82-472B41605BAD}.Release|x86.ActiveCfg = Release|Any CPU
		{779EF75B-372B-49C4-9E82-472B41605BAD}.Release|x86.Build.0 = Release|Any CPU
	EndGlobalSection
	GlobalSection(SolutionProperties) = preSolution
		HideSolutionNode = FALSE
	EndGlobalSection
EndGlobal
